// !$*UTF8*$!
{
	archiveVersion = 1;
	classes = {
	};
	objectVersion = 50;
	objects = {

/* Begin PBXBuildFile section */
		FAAC97A8266BBAFF00B88089 /* AppDelegate.swift in Sources */ = {isa = PBXBuildFile; fileRef = FAAC97A7266BBAFF00B88089 /* AppDelegate.swift */; };
		FAAC97AA266BBAFF00B88089 /* SceneDelegate.swift in Sources */ = {isa = PBXBuildFile; fileRef = FAAC97A9266BBAFF00B88089 /* SceneDelegate.swift */; };
		FAAC97AC266BBAFF00B88089 /* ContentView.swift in Sources */ = {isa = PBXBuildFile; fileRef = FAAC97AB266BBAFF00B88089 /* ContentView.swift */; };
		FAAC97AE266BBB0000B88089 /* Assets.xcassets in Resources */ = {isa = PBXBuildFile; fileRef = FAAC97AD266BBB0000B88089 /* Assets.xcassets */; };
		FAAC97B1266BBB0000B88089 /* Preview Assets.xcassets in Resources */ = {isa = PBXBuildFile; fileRef = FAAC97B0266BBB0000B88089 /* Preview Assets.xcassets */; };
		FAAC97B4266BBB0000B88089 /* LaunchScreen.storyboard in Resources */ = {isa = PBXBuildFile; fileRef = FAAC97B2266BBB0000B88089 /* LaunchScreen.storyboard */; };
/* End PBXBuildFile section */

/* Begin PBXFileReference section */
		FAAC97A4266BBAFF00B88089 /* iHarmonyOS.app */ = {isa = PBXFileReference; explicitFileType = wrapper.application; includeInIndex = 0; path = iHarmonyOS.app; sourceTree = BUILT_PRODUCTS_DIR; };
		FAAC97A7266BBAFF00B88089 /* AppDelegate.swift */ = {isa = PBXFileReference; lastKnownFileType = sourcecode.swift; path = AppDelegate.swift; sourceTree = "<group>"; };
		FAAC97A9266BBAFF00B88089 /* SceneDelegate.swift */ = {isa = PBXFileReference; lastKnownFileType = sourcecode.swift; path = SceneDelegate.swift; sourceTree = "<group>"; };
		FAAC97AB266BBAFF00B88089 /* ContentView.swift */ = {isa = PBXFileReference; lastKnownFileType = sourcecode.swift; path = ContentView.swift; sourceTree = "<group>"; };
		FAAC97AD266BBB0000B88089 /* Assets.xcassets */ = {isa = PBXFileReference; lastKnownFileType = folder.assetcatalog; path = Assets.xcassets; sourceTree = "<group>"; };
		FAAC97B0266BBB0000B88089 /* Preview Assets.xcassets */ = {isa = PBXFileReference; lastKnownFileType = folder.assetcatalog; path = "Preview Assets.xcassets"; sourceTree = "<group>"; };
		FAAC97B3266BBB0000B88089 /* Base */ = {isa = PBXFileReference; lastKnownFileType = file.storyboard; name = Base; path = Base.lproj/LaunchScreen.storyboard; sourceTree = "<group>"; };
		FAAC97B5266BBB0000B88089 /* Info.plist */ = {isa = PBXFileReference; lastKnownFileType = text.plist.xml; path = Info.plist; sourceTree = "<group>"; };
/* End PBXFileReference section */

/* Begin PBXFrameworksBuildPhase section */
		FAAC97A1266BBAFF00B88089 /* Frameworks */ = {
			isa = PBXFrameworksBuildPhase;
			buildActionMask = 2147483647;
			files = (
			);
			runOnlyForDeploymentPostprocessing = 0;
		};
/* End PBXFrameworksBuildPhase section */

/* Begin PBXGroup section */
		FAAC979B266BBAFF00B88089 = {
			isa = PBXGroup;
			children = (
				FAAC97A6266BBAFF00B88089 /* iHarmonyOS */,
				FAAC97A5266BBAFF00B88089 /* Products */,
			);
			sourceTree = "<group>";
		};
		FAAC97A5266BBAFF00B88089 /* Products */ = {
			isa = PBXGroup;
			children = (
				FAAC97A4266BBAFF00B88089 /* iHarmonyOS.app */,
			);
			name = Products;
			sourceTree = "<group>";
		};
		FAAC97A6266BBAFF00B88089 /* iHarmonyOS */ = {
			isa = PBXGroup;
			children = (
				FAAC97A7266BBAFF00B88089 /* AppDelegate.swift */,
				FAAC97A9266BBAFF00B88089 /* SceneDelegate.swift */,
				FAAC97AB266BBAFF00B88089 /* ContentView.swift */,
				FAAC97AD266BBB0000B88089 /* Assets.xcassets */,
				FAAC97B2266BBB0000B88089 /* LaunchScreen.storyboard */,
				FAAC97B5266BBB0000B88089 /* Info.plist */,
				FAAC97AF266BBB0000B88089 /* Preview Content */,
			);
			path = iHarmonyOS;
			sourceTree = "<group>";
		};
		FAAC97AF266BBB0000B88089 /* Preview Content */ = {
			isa = PBXGroup;
			children = (
				FAAC97B0266BBB0000B88089 /* Preview Assets.xcassets */,
			);
			path = "Preview Content";
			sourceTree = "<group>";
		};
/* End PBXGroup section */

/* Begin PBXNativeTarget section */
		FAAC97A3266BBAFF00B88089 /* iHarmonyOS */ = {
			isa = PBXNativeTarget;
			buildConfigurationList = FAAC97B8266BBB0000B88089 /* Build configuration list for PBXNativeTarget "iHarmonyOS" */;
			buildPhases = (
				FAAC97A0266BBAFF00B88089 /* Sources */,
				FAAC97A1266BBAFF00B88089 /* Frameworks */,
				FAAC97A2266BBAFF00B88089 /* Resources */,
			);
			buildRules = (
			);
			dependencies = (
			);
			name = iHarmonyOS;
			productName = iHarmonyOS;
			productReference = FAAC97A4266BBAFF00B88089 /* iHarmonyOS.app */;
			productType = "com.apple.product-type.application";
		};
/* End PBXNativeTarget section */

/* Begin PBXProject section */
		FAAC979C266BBAFF00B88089 /* Project object */ = {
			isa = PBXProject;
			attributes = {
				LastSwiftUpdateCheck = 1250;
				LastUpgradeCheck = 1250;
				TargetAttributes = {
					FAAC97A3266BBAFF00B88089 = {
						CreatedOnToolsVersion = 12.5;
					};
				};
			};
			buildConfigurationList = FAAC979F266BBAFF00B88089 /* Build configuration list for PBXProject "iHarmonyOS" */;
			compatibilityVersion = "Xcode 9.3";
			developmentRegion = en;
			hasScannedForEncodings = 0;
			knownRegions = (
				en,
				Base,
			);
			mainGroup = FAAC979B266BBAFF00B88089;
			productRefGroup = FAAC97A5266BBAFF00B88089 /* Products */;
			projectDirPath = "";
			projectRoot = "";
			targets = (
				FAAC97A3266BBAFF00B88089 /* iHarmonyOS */,
			);
		};
/* End PBXProject section */

/* Begin PBXResourcesBuildPhase section */
		FAAC97A2266BBAFF00B88089 /* Resources */ = {
			isa = PBXResourcesBuildPhase;
			buildActionMask = 2147483647;
			files = (
				FAAC97B4266BBB0000B88089 /* LaunchScreen.storyboard in Resources */,
				FAAC97B1266BBB0000B88089 /* Preview Assets.xcassets in Resources */,
				FAAC97AE266BBB0000B88089 /* Assets.xcassets in Resources */,
			);
			runOnlyForDeploymentPostprocessing = 0;
		};
/* End PBXResourcesBuildPhase section */

/* Begin PBXSourcesBuildPhase section */
		FAAC97A0266BBAFF00B88089 /* Sources */ = {
			isa = PBXSourcesBuildPhase;
			buildActionMask = 2147483647;
			files = (
				FAAC97A8266BBAFF00B88089 /* AppDelegate.swift in Sources */,
				FAAC97AA266BBAFF00B88089 /* SceneDelegate.swift in Sources */,
				FAAC97AC266BBAFF00B88089 /* ContentView.swift in Sources */,
			);
			runOnlyForDeploymentPostprocessing = 0;
		};
/* End PBXSourcesBuildPhase section */

/* Begin PBXVariantGroup section */
		FAAC97B2266BBB0000B88089 /* LaunchScreen.storyboard */ = {
			isa = PBXVariantGroup;
			children = (
				FAAC97B3266BBB0000B88089 /* Base */,
			);
			name = LaunchScreen.storyboard;
			sourceTree = "<group>";
		};
/* End PBXVariantGroup section */

/* Begin XCBuildConfiguration section */
		FAAC97B6266BBB0000B88089 /* Debug */ = {
			isa = XCBuildConfiguration;
			buildSettings = {
				ALWAYS_SEARCH_USER_PATHS = NO;
				CLANG_ANALYZER_NONNULL = YES;
				CLANG_ANALYZER_NUMBER_OBJECT_CONVERSION = YES_AGGRESSIVE;
				CLANG_CXX_LANGUAGE_STANDARD = "gnu++14";
				CLANG_CXX_LIBRARY = "libc++";
				CLANG_ENABLE_MODULES = YES;
				CLANG_ENABLE_OBJC_ARC = YES;
				CLANG_ENABLE_OBJC_WEAK = YES;
				CLANG_WARN_BLOCK_CAPTURE_AUTORELEASING = YES;
				CLANG_WARN_BOOL_CONVERSION = YES;
				CLANG_WARN_COMMA = YES;
				CLANG_WARN_CONSTANT_CONVERSION = YES;
				CLANG_WARN_DEPRECATED_OBJC_IMPLEMENTATIONS = YES;
				CLANG_WARN_DIRECT_OBJC_ISA_USAGE = YES_ERROR;
				CLANG_WARN_DOCUMENTATION_COMMENTS = YES;
				CLANG_WARN_EMPTY_BODY = YES;
				CLANG_WARN_ENUM_CONVERSION = YES;
				CLANG_WARN_INFINITE_RECURSION = YES;
				CLANG_WARN_INT_CONVERSION = YES;
				CLANG_WARN_NON_LITERAL_NULL_CONVERSION = YES;
				CLANG_WARN_OBJC_IMPLICIT_RETAIN_SELF = YES;
				CLANG_WARN_OBJC_LITERAL_CONVERSION = YES;
				CLANG_WARN_OBJC_ROOT_CLASS = YES_ERROR;
				CLANG_WARN_QUOTED_INCLUDE_IN_FRAMEWORK_HEADER = YES;
				CLANG_WARN_RANGE_LOOP_ANALYSIS = YES;
				CLANG_WARN_STRICT_PROTOTYPES = YES;
				CLANG_WARN_SUSPICIOUS_MOVE = YES;
				CLANG_WARN_UNGUARDED_AVAILABILITY = YES_AGGRESSIVE;
				CLANG_WARN_UNREACHABLE_CODE = YES;
				CLANG_WARN__DUPLICATE_METHOD_MATCH = YES;
				COPY_PHASE_STRIP = NO;
				DEBUG_INFORMATION_FORMAT = dwarf;
				ENABLE_STRICT_OBJC_MSGSEND = YES;
				ENABLE_TESTABILITY = YES;
				GCC_C_LANGUAGE_STANDARD = gnu11;
				GCC_DYNAMIC_NO_PIC = NO;
				GCC_NO_COMMON_BLOCKS = YES;
				GCC_OPTIMIZATION_LEVEL = 0;
				GCC_PREPROCESSOR_DEFINITIONS = (
					"DEBUG=1",
					"$(inherited)",
				);
				GCC_WARN_64_TO_32_BIT_CONVERSION = YES;
				GCC_WARN_ABOUT_RETURN_TYPE = YES_ERROR;
				GCC_WARN_UNDECLARED_SELECTOR = YES;
				GCC_WARN_UNINITIALIZED_AUTOS = YES_AGGRESSIVE;
				GCC_WARN_UNUSED_FUNCTION = YES;
				GCC_WARN_UNUSED_VARIABLE = YES;
				IPHONEOS_DEPLOYMENT_TARGET = 14.5;
				MTL_ENABLE_DEBUG_INFO = INCLUDE_SOURCE;
				MTL_FAST_MATH = YES;
				ONLY_ACTIVE_ARCH = YES;
				SDKROOT = iphoneos;
				SWIFT_ACTIVE_COMPILATION_CONDITIONS = DEBUG;
				SWIFT_OPTIMIZATION_LEVEL = "-Onone";
			};
			name = Debug;
		};
		FAAC97B7266BBB0000B88089 /* Release */ = {
			isa = XCBuildConfiguration;
			buildSettings = {
				ALWAYS_SEARCH_USER_PATHS = NO;
				CLANG_ANALYZER_NONNULL = YES;
				CLANG_ANALYZER_NUMBER_OBJECT_CONVERSION = YES_AGGRESSIVE;
				CLANG_CXX_LANGUAGE_STANDARD = "gnu++14";
				CLANG_CXX_LIBRARY = "libc++";
				CLANG_ENABLE_MODULES = YES;
				CLANG_ENABLE_OBJC_ARC = YES;
				CLANG_ENABLE_OBJC_WEAK = YES;
				CLANG_WARN_BLOCK_CAPTURE_AUTORELEASING = YES;
				CLANG_WARN_BOOL_CONVERSION = YES;
				CLANG_WARN_COMMA = YES;
				CLANG_WARN_CONSTANT_CONVERSION = YES;
				CLANG_WARN_DEPRECATED_OBJC_IMPLEMENTATIONS = YES;
				CLANG_WARN_DIRECT_OBJC_ISA_USAGE = YES_ERROR;
				CLANG_WARN_DOCUMENTATION_COMMENTS = YES;
				CLANG_WARN_EMPTY_BODY = YES;
				CLANG_WARN_ENUM_CONVERSION = YES;
				CLANG_WARN_INFINITE_RECURSION = YES;
				CLANG_WARN_INT_CONVERSION = YES;
				CLANG_WARN_NON_LITERAL_NULL_CONVERSION = YES;
				CLANG_WARN_OBJC_IMPLICIT_RETAIN_SELF = YES;
				CLANG_WARN_OBJC_LITERAL_CONVERSION = YES;
				CLANG_WARN_OBJC_ROOT_CLASS = YES_ERROR;
				CLANG_WARN_QUOTED_INCLUDE_IN_FRAMEWORK_HEADER = YES;
				CLANG_WARN_RANGE_LOOP_ANALYSIS = YES;
				CLANG_WARN_STRICT_PROTOTYPES = YES;
				CLANG_WARN_SUSPICIOUS_MOVE = YES;
				CLANG_WARN_UNGUARDED_AVAILABILITY = YES_AGGRESSIVE;
				CLANG_WARN_UNREACHABLE_CODE = YES;
				CLANG_WARN__DUPLICATE_METHOD_MATCH = YES;
				COPY_PHASE_STRIP = NO;
				DEBUG_INFORMATION_FORMAT = "dwarf-with-dsym";
				ENABLE_NS_ASSERTIONS = NO;
				ENABLE_STRICT_OBJC_MSGSEND = YES;
				GCC_C_LANGUAGE_STANDARD = gnu11;
				GCC_NO_COMMON_BLOCKS = YES;
				GCC_WARN_64_TO_32_BIT_CONVERSION = YES;
				GCC_WARN_ABOUT_RETURN_TYPE = YES_ERROR;
				GCC_WARN_UNDECLARED_SELECTOR = YES;
				GCC_WARN_UNINITIALIZED_AUTOS = YES_AGGRESSIVE;
				GCC_WARN_UNUSED_FUNCTION = YES;
				GCC_WARN_UNUSED_VARIABLE = YES;
				IPHONEOS_DEPLOYMENT_TARGET = 14.5;
				MTL_ENABLE_DEBUG_INFO = NO;
				MTL_FAST_MATH = YES;
				SDKROOT = iphoneos;
				SWIFT_COMPILATION_MODE = wholemodule;
				SWIFT_OPTIMIZATION_LEVEL = "-O";
				VALIDATE_PRODUCT = YES;
			};
			name = Release;
		};
		FAAC97B9266BBB0000B88089 /* Debug */ = {
			isa = XCBuildConfiguration;
			buildSettings = {
				ASSETCATALOG_COMPILER_APPICON_NAME = AppIcon;
				ASSETCATALOG_COMPILER_GLOBAL_ACCENT_COLOR_NAME = AccentColor;
				CODE_SIGN_STYLE = Automatic;
				DEVELOPMENT_ASSET_PATHS = "\"iHarmonyOS/Preview Content\"";
				ENABLE_PREVIEWS = YES;
				INFOPLIST_FILE = iHarmonyOS/Info.plist;
				LD_RUNPATH_SEARCH_PATHS = (
					"$(inherited)",
					"@executable_path/Frameworks",
				);
				PRODUCT_BUNDLE_IDENTIFIER = me.cyandev.iHarmonyOS;
				PRODUCT_NAME = "$(TARGET_NAME)";
				SWIFT_VERSION = 5.0;
				TARGETED_DEVICE_FAMILY = "1,2";
			};
			name = Debug;
		};
		FAAC97BA266BBB0000B88089 /* Release */ = {
			isa = XCBuildConfiguration;
			buildSettings = {
				ASSETCATALOG_COMPILER_APPICON_NAME = AppIcon;
				ASSETCATALOG_COMPILER_GLOBAL_ACCENT_COLOR_NAME = AccentColor;
				CODE_SIGN_STYLE = Automatic;
				DEVELOPMENT_ASSET_PATHS = "\"iHarmonyOS/Preview Content\"";
				ENABLE_PREVIEWS = YES;
				INFOPLIST_FILE = iHarmonyOS/Info.plist;
				LD_RUNPATH_SEARCH_PATHS = (
					"$(inherited)",
					"@executable_path/Frameworks",
				);
				PRODUCT_BUNDLE_IDENTIFIER = me.cyandev.iHarmonyOS;
				PRODUCT_NAME = "$(TARGET_NAME)";
				SWIFT_VERSION = 5.0;
				TARGETED_DEVICE_FAMILY = "1,2";
			};
			name = Release;
		};
/* End XCBuildConfiguration section */

/* Begin XCConfigurationList section */
		FAAC979F266BBAFF00B88089 /* Build configuration list for PBXProject "iHarmonyOS" */ = {
			isa = XCConfigurationList;
			buildConfigurations = (
				FAAC97B6266BBB0000B88089 /* Debug */,
				FAAC97B7266BBB0000B88089 /* Release */,
			);
			defaultConfigurationIsVisible = 0;
			defaultConfigurationName = Release;
		};
		FAAC97B8266BBB0000B88089 /* Build configuration list for PBXNativeTarget "iHarmonyOS" */ = {
			isa = XCConfigurationList;
			buildConfigurations = (
				FAAC97B9266BBB0000B88089 /* Debug */,
				FAAC97BA266BBB0000B88089 /* Release */,
			);
			defaultConfigurationIsVisible = 0;
			defaultConfigurationName = Release;
		};
/* End XCConfigurationList section */
	};
	rootObject = FAAC979C266BBAFF00B88089 /* Project object */;
}
